
Microsoft Visual Studio Solution File, Format Version 12.00
# Visual Studio 15
VisualStudioVersion = 15.0.27004.2008
MinimumVisualStudioVersion = 10.0.40219.1
Project("{8BC9CEB8-8B4A-11D0-8D11-00A0C91BC942}") = "Lab-07", "Lab-07\Lab-07.vcxproj", "{F2ECB1D7-BBEC-4FA4-A95A-7FB93CA142B3}"
EndProject
Global
	GlobalSection(SolutionConfigurationPlatforms) = preSolution
		Debug|x64 = Debug|x64
		Debug|x86 = Debug|x86
		Release|x64 = Release|x64
		Release|x86 = Release|x86
	EndGlobalSection
	GlobalSection(ProjectConfigurationPlatforms) = postSolution
		{F2ECB1D7-BBEC-4FA4-A95A-7FB93CA142B3}.Debug|x64.ActiveCfg = Debug|x64
		{F2ECB1D7-BBEC-4FA4-A95A-7FB93CA142B3}.Debug|x64.Build.0 = Debug|x64
		{F2ECB1D7-BBEC-4FA4-A95A-7FB93CA142B3}.Debug|x86.ActiveCfg = Debug|Win32
		{F2ECB1D7-BBEC-4FA4-A95A-7FB93CA142B3}.Debug|x86.Build.0 = Debug|Win32
		{F2ECB1D7-BBEC-4FA4-A95A-7FB93CA142B3}.Release|x64.ActiveCfg = Release|x64
		{F2ECB1D7-BBEC-4FA4-A95A-7FB93CA142B3}.Release|x64.Build.0 = Release|x64
		{F2ECB1D7-BBEC-4FA4-A95A-7FB93CA142B3}.Release|x86.ActiveCfg = Release|Win32
		{F2ECB1D7-BBEC-4FA4-A95A-7FB93CA142B3}.Release|x86.Build.0 = Release|Win32
	EndGlobalSection
	GlobalSection(SolutionProperties) = preSolution
		HideSolutionNode = FALSE
	EndGlobalSection
	GlobalSection(ExtensibilityGlobals) = postSolution
		SolutionGuid = {11894E41-527A-4778-99CA-9459FE1F6504}
	EndGlobalSection
EndGlobal
